PODS:
  - Cache (4.2.0)
  - Imaginary (3.0.3):
    - Cache (~> 4.0)

DEPENDENCIES:
  - Imaginary

SPEC REPOS:
  https://github.com/cocoapods/specs.git:
    - Cache
    - Imaginary

SPEC CHECKSUMS:
  Cache: f28f8dd64b632155aabf9b3906b036a659048251
  Imaginary: 9b45836a5af881f452a86e0a1215772ae4712d00

PODFILE CHECKSUM: ec25f635e66bd5ed21d7e5b56ab27978409cbcdb

COCOAPODS: 1.5.3
